
Microsoft Visual Studio Solution File, Format Version 12.00
# Visual Studio Version 17
VisualStudioVersion = 17.3.32901.215
MinimumVisualStudioVersion = 10.0.40219.1
Project("{FAE04EC0-301F-11D3-BF4B-00C04F79EFBC}") = "Task1", "Task1\Task1.csproj", "{743998A6-D91C-4C84-85A3-64F076139912}"
EndProject
Project("{FAE04EC0-301F-11D3-BF4B-00C04F79EFBC}") = "ConsoleApp1", "ConsoleApp1\ConsoleApp1.csproj", "{8FA54BC1-196C-49D8-8F7C-A23375941960}"
EndProject
Global
	GlobalSection(SolutionConfigurationPlatforms) = preSolution
		Debug|Any CPU = Debug|Any CPU
		Release|Any CPU = Release|Any CPU
	EndGlobalSection
	GlobalSection(ProjectConfigurationPlatforms) = postSolution
		{743998A6-D91C-4C84-85A3-64F076139912}.Debug|Any CPU.ActiveCfg = Debug|Any CPU
		{743998A6-D91C-4C84-85A3-64F076139912}.Debug|Any CPU.Build.0 = Debug|Any CPU
		{743998A6-D91C-4C84-85A3-64F076139912}.Release|Any CPU.ActiveCfg = Release|Any CPU
		{743998A6-D91C-4C84-85A3-64F076139912}.Release|Any CPU.Build.0 = Release|Any CPU
		{8FA54BC1-196C-49D8-8F7C-A23375941960}.Debug|Any CPU.ActiveCfg = Debug|Any CPU
		{8FA54BC1-196C-49D8-8F7C-A23375941960}.Debug|Any CPU.Build.0 = Debug|Any CPU
		{8FA54BC1-196C-49D8-8F7C-A23375941960}.Release|Any CPU.ActiveCfg = Release|Any CPU
		{8FA54BC1-196C-49D8-8F7C-A23375941960}.Release|Any CPU.Build.0 = Release|Any CPU
	EndGlobalSection
	GlobalSection(SolutionProperties) = preSolution
		HideSolutionNode = FALSE
	EndGlobalSection
	GlobalSection(ExtensibilityGlobals) = postSolution
		SolutionGuid = {5BBD58E7-CB63-4070-9C93-CAE76C4885A0}
	EndGlobalSection
EndGlobal
